
Microsoft Visual Studio Solution File, Format Version 12.00
# Visual Studio 15
VisualStudioVersion = 15.0.27703.2035
MinimumVisualStudioVersion = 10.0.40219.1
Project("{9A19103F-16F7-4668-BE54-9A1E7A4F7556}") = "FunWithForms", "FunWithForms\FunWithForms.csproj", "{15809B2A-B1D7-4048-88AD-3C9291EB4637}"
EndProject
Project("{FAE04EC0-301F-11D3-BF4B-00C04F79EFBC}") = "FunWithForms.Tests", "FunWithForms.Tests\FunWithForms.Tests.csproj", "{533D7108-6AE0-4DE7-9510-A70ADEBB6B9E}"
EndProject
Global
	GlobalSection(SolutionConfigurationPlatforms) = preSolution
		Debug|Any CPU = Debug|Any CPU
		Release|Any CPU = Release|Any CPU
	EndGlobalSection
	GlobalSection(ProjectConfigurationPlatforms) = postSolution
		{15809B2A-B1D7-4048-88AD-3C9291EB4637}.Debug|Any CPU.ActiveCfg = Debug|Any CPU
		{15809B2A-B1D7-4048-88AD-3C9291EB4637}.Debug|Any CPU.Build.0 = Debug|Any CPU
		{15809B2A-B1D7-4048-88AD-3C9291EB4637}.Release|Any CPU.ActiveCfg = Release|Any CPU
		{15809B2A-B1D7-4048-88AD-3C9291EB4637}.Release|Any CPU.Build.0 = Release|Any CPU
		{533D7108-6AE0-4DE7-9510-A70ADEBB6B9E}.Debug|Any CPU.ActiveCfg = Debug|Any CPU
		{533D7108-6AE0-4DE7-9510-A70ADEBB6B9E}.Debug|Any CPU.Build.0 = Debug|Any CPU
		{533D7108-6AE0-4DE7-9510-A70ADEBB6B9E}.Release|Any CPU.ActiveCfg = Release|Any CPU
		{533D7108-6AE0-4DE7-9510-A70ADEBB6B9E}.Release|Any CPU.Build.0 = Release|Any CPU
	EndGlobalSection
	GlobalSection(SolutionProperties) = preSolution
		HideSolutionNode = FALSE
	EndGlobalSection
	GlobalSection(ExtensibilityGlobals) = postSolution
		SolutionGuid = {0B8FAC7F-601E-4C2B-B2F6-B5CDA559E591}
	EndGlobalSection
EndGlobal
